
Microsoft Visual Studio Solution File, Format Version 12.00
# Visual Studio Version 16
VisualStudioVersion = 16.0.29728.190
MinimumVisualStudioVersion = 10.0.40219.1
Project("{FAE04EC0-301F-11D3-BF4B-00C04F79EFBC}") = "Financeira", "Financeira\Financeira.csproj", "{B5D82714-C4DF-45D1-9C36-05667500401A}"
EndProject
Global
	GlobalSection(SolutionConfigurationPlatforms) = preSolution
		Debug|Any CPU = Debug|Any CPU
		Release|Any CPU = Release|Any CPU
	EndGlobalSection
	GlobalSection(ProjectConfigurationPlatforms) = postSolution
		{B5D82714-C4DF-45D1-9C36-05667500401A}.Debug|Any CPU.ActiveCfg = Debug|Any CPU
		{B5D82714-C4DF-45D1-9C36-05667500401A}.Debug|Any CPU.Build.0 = Debug|Any CPU
		{B5D82714-C4DF-45D1-9C36-05667500401A}.Release|Any CPU.ActiveCfg = Release|Any CPU
		{B5D82714-C4DF-45D1-9C36-05667500401A}.Release|Any CPU.Build.0 = Release|Any CPU
	EndGlobalSection
	GlobalSection(SolutionProperties) = preSolution
		HideSolutionNode = FALSE
	EndGlobalSection
	GlobalSection(ExtensibilityGlobals) = postSolution
		SolutionGuid = {7259936C-2E87-4ACF-B7F3-FFEF1B8CE86A}
	EndGlobalSection
EndGlobal
